{
  "name": "gsap",
  "lockfileVersion": 3,
  "requires": true,
  "packages": {
    "": {
      "dependencies": {
        "split-type": "^0.3.4"
      }
    },
    "node_modules/split-type": {
      "version": "0.3.4",
      "resolved": "https://registry.npmjs.org/split-type/-/split-type-0.3.4.tgz",
      "integrity": "sha512-otEk9vnD8qwfLsk3Lx0gz+qRkNIJCx0mlyL47ImP/DjMuV39d75Lpfwjn9fHteDRz0aoOblSzQjSNT9+Sswxcg==",
      "license": "ISC"
    }
  }
}
